
Microsoft Visual Studio Solution File, Format Version 12.00
# Visual Studio Version 16
VisualStudioVersion = 16.0.30907.101
MinimumVisualStudioVersion = 10.0.40219.1
Project("{FAE04EC0-301F-11D3-BF4B-00C04F79EFBC}") = "A1-Q4-Q4", "A1-Q4-Q4.csproj", "{0FB9DF4C-E9D0-4371-9E9F-87555026BFDD}"
EndProject
Global
	GlobalSection(SolutionConfigurationPlatforms) = preSolution
		Debug|Any CPU = Debug|Any CPU
		Release|Any CPU = Release|Any CPU
	EndGlobalSection
	GlobalSection(ProjectConfigurationPlatforms) = postSolution
		{0FB9DF4C-E9D0-4371-9E9F-87555026BFDD}.Debug|Any CPU.ActiveCfg = Debug|Any CPU
		{0FB9DF4C-E9D0-4371-9E9F-87555026BFDD}.Debug|Any CPU.Build.0 = Debug|Any CPU
		{0FB9DF4C-E9D0-4371-9E9F-87555026BFDD}.Release|Any CPU.ActiveCfg = Release|Any CPU
		{0FB9DF4C-E9D0-4371-9E9F-87555026BFDD}.Release|Any CPU.Build.0 = Release|Any CPU
	EndGlobalSection
	GlobalSection(SolutionProperties) = preSolution
		HideSolutionNode = FALSE
	EndGlobalSection
	GlobalSection(ExtensibilityGlobals) = postSolution
		SolutionGuid = {DE6CEAA1-4C3D-41F0-82EA-7AB690DCBF01}
	EndGlobalSection
EndGlobal
